{
  "requires": true,
  "lockfileVersion": 1,
  "dependencies": {
    "single-spa": {
      "version": "5.2.1",
      "resolved": "https://registry.npmjs.org/single-spa/-/single-spa-5.2.1.tgz",
      "integrity": "sha512-MkDpB71CoCdJz6DITomfKuujT0liOU8KOi9iWt2X7sLW6Jd4Wz5EA3UwkT8x/Psl/nEqJ8y0KYP0TV66P2yByA=="
    }
  }
}
